<Solution>
  <Project Path="src/Services/Order/PayFlow.Order.Api/PayFlow.Order.Api.csproj" />
  <Project Path="src/Services/Order/PayFlow.Order.Application/PayFlow.Order.Application.csproj" />
  <Project Path="src/Services/Order/PayFlow.Order.Domain/PayFlow.Order.Domain.csproj" />
  <Project Path="src/Services/Order/PayFlow.Order.Infrastructure/PayFlow.Order.Infrastructure.csproj" />
  <Project Path="src/Services/Saga/PayFlow.Saga.Infrastructure/PayFlow.Saga.Infrastructure.csproj" />
  <Project Path="tests/Integration/PayFlow.Order.IntegrationTests/PayFlow.Order.IntegrationTests.csproj" />
  <Project Path="tests/Integration/PayFlow.Saga.IntegrationTests/PayFlow.Saga.IntegrationTests.csproj" />
  <Project Path="tests/Unit/PayFlow.Order.UnitTests/PayFlow.Order.UnitTests.csproj" />
</Solution>
